
Microsoft Visual Studio Solution File, Format Version 12.00
# Visual Studio Version 17
VisualStudioVersion = 17.0.31903.59
MinimumVisualStudioVersion = 10.0.40219.1
Project("{2150E333-8FDC-42A3-9474-1A3956D46DE8}") = "src", "src", "{201429C1-9786-4412-9A82-71408CF99DEC}"
EndProject
Project("{FAE04EC0-301F-11D3-BF4B-00C04F79EFBC}") = "VibeModel", "src\VibeModel\VibeModel.csproj", "{BFD563E8-5265-4EB8-A8DD-1C747248D42F}"
EndProject
Project("{FAE04EC0-301F-11D3-BF4B-00C04F79EFBC}") = "VibeModel.Tests", "src\VibeModel.Tests\VibeModel.Tests.csproj", "{14B22043-A758-4EB7-9790-77FBBF6FB445}"
EndProject
Global
	GlobalSection(SolutionConfigurationPlatforms) = preSolution
		Debug|Any CPU = Debug|Any CPU
		Release|Any CPU = Release|Any CPU
	EndGlobalSection
	GlobalSection(SolutionProperties) = preSolution
		HideSolutionNode = FALSE
	EndGlobalSection
	GlobalSection(ProjectConfigurationPlatforms) = postSolution
		{BFD563E8-5265-4EB8-A8DD-1C747248D42F}.Debug|Any CPU.ActiveCfg = Debug|x64
		{BFD563E8-5265-4EB8-A8DD-1C747248D42F}.Debug|Any CPU.Build.0 = Debug|x64
		{BFD563E8-5265-4EB8-A8DD-1C747248D42F}.Release|Any CPU.ActiveCfg = Release|x64
		{BFD563E8-5265-4EB8-A8DD-1C747248D42F}.Release|Any CPU.Build.0 = Release|x64
		{14B22043-A758-4EB7-9790-77FBBF6FB445}.Debug|Any CPU.ActiveCfg = Debug|x64
		{14B22043-A758-4EB7-9790-77FBBF6FB445}.Debug|Any CPU.Build.0 = Debug|x64
		{14B22043-A758-4EB7-9790-77FBBF6FB445}.Release|Any CPU.ActiveCfg = Release|x64
		{14B22043-A758-4EB7-9790-77FBBF6FB445}.Release|Any CPU.Build.0 = Release|x64
	EndGlobalSection
	GlobalSection(NestedProjects) = preSolution
		{BFD563E8-5265-4EB8-A8DD-1C747248D42F} = {201429C1-9786-4412-9A82-71408CF99DEC}
		{14B22043-A758-4EB7-9790-77FBBF6FB445} = {201429C1-9786-4412-9A82-71408CF99DEC}
	EndGlobalSection
EndGlobal
